
Microsoft Visual Studio Solution File, Format Version 12.00
# Visual Studio Version 17
VisualStudioVersion = 17.5.33424.131
MinimumVisualStudioVersion = 10.0.40219.1
Project("{FAE04EC0-301F-11D3-BF4B-00C04F79EFBC}") = "Demo-rpf", "Demo-rpf.csproj", "{19451952-7219-4052-9630-779FC6A36AA1}"
EndProject
Global
	GlobalSection(SolutionConfigurationPlatforms) = preSolution
		Debug|Any CPU = Debug|Any CPU
		Release|Any CPU = Release|Any CPU
	EndGlobalSection
	GlobalSection(ProjectConfigurationPlatforms) = postSolution
		{19451952-7219-4052-9630-779FC6A36AA1}.Debug|Any CPU.ActiveCfg = Debug|Any CPU
		{19451952-7219-4052-9630-779FC6A36AA1}.Debug|Any CPU.Build.0 = Debug|Any CPU
		{19451952-7219-4052-9630-779FC6A36AA1}.Release|Any CPU.ActiveCfg = Release|Any CPU
		{19451952-7219-4052-9630-779FC6A36AA1}.Release|Any CPU.Build.0 = Release|Any CPU
	EndGlobalSection
	GlobalSection(SolutionProperties) = preSolution
		HideSolutionNode = FALSE
	EndGlobalSection
	GlobalSection(ExtensibilityGlobals) = postSolution
		SolutionGuid = {CBC4C09B-A4DE-4B9E-BE81-2008995E9F06}
	EndGlobalSection
EndGlobal
